// !$*UTF8*$!
{
	archiveVersion = 1;
	classes = {
	};
	objectVersion = 50;
	objects = {

/* Begin PBXBuildFile section */
		6A08E9542483948200C6E01D /* RestaurantDetailViewController.swift in Sources */ = {isa = PBXBuildFile; fileRef = 6A08E9532483948200C6E01D /* RestaurantDetailViewController.swift */; };
		6A08E9562483CC9F00C6E01D /* CustomCollectionViewFlowLayout.swift in Sources */ = {isa = PBXBuildFile; fileRef = 6A08E9552483CC9F00C6E01D /* CustomCollectionViewFlowLayout.swift */; };
		6A08E9582483CD8000C6E01D /* CollectionDisplay.swift in Sources */ = {isa = PBXBuildFile; fileRef = 6A08E9572483CD8000C6E01D /* CollectionDisplay.swift */; };
		6A08E95A2483DDDA00C6E01D /* ActivityIndicatorOverlay.swift in Sources */ = {isa = PBXBuildFile; fileRef = 6A08E9592483DDDA00C6E01D /* ActivityIndicatorOverlay.swift */; };
		6A08E9662483EADF00C6E01D /* ImageCache.swift in Sources */ = {isa = PBXBuildFile; fileRef = 6A08E9652483EADF00C6E01D /* ImageCache.swift */; };
		6A08E9682483F9EF00C6E01D /* UImageView+Extension.swift in Sources */ = {isa = PBXBuildFile; fileRef = 6A08E9672483F9EF00C6E01D /* UImageView+Extension.swift */; };
		6A08E96A248401BE00C6E01D /* UIColor+Extension.swift in Sources */ = {isa = PBXBuildFile; fileRef = 6A08E969248401BE00C6E01D /* UIColor+Extension.swift */; };
		6A4EA06A24803561007FDCEF /* AppDelegate.swift in Sources */ = {isa = PBXBuildFile; fileRef = 6A4EA06924803561007FDCEF /* AppDelegate.swift */; };
		6A4EA06E24803561007FDCEF /* LunchViewController.swift in Sources */ = {isa = PBXBuildFile; fileRef = 6A4EA06D24803561007FDCEF /* LunchViewController.swift */; };
		6A4EA07024803561007FDCEF /* InternetViewController.swift in Sources */ = {isa = PBXBuildFile; fileRef = 6A4EA06F24803561007FDCEF /* InternetViewController.swift */; };
		6A4EA07324803561007FDCEF /* Main.storyboard in Resources */ = {isa = PBXBuildFile; fileRef = 6A4EA07124803561007FDCEF /* Main.storyboard */; };
		6A4EA07524803563007FDCEF /* Assets.xcassets in Resources */ = {isa = PBXBuildFile; fileRef = 6A4EA07424803563007FDCEF /* Assets.xcassets */; };
		6A4EA07824803563007FDCEF /* LaunchScreen.storyboard in Resources */ = {isa = PBXBuildFile; fileRef = 6A4EA07624803563007FDCEF /* LaunchScreen.storyboard */; };
		6A4EA09724815A2E007FDCEF /* Constants.swift in Sources */ = {isa = PBXBuildFile; fileRef = 6A4EA09624815A2E007FDCEF /* Constants.swift */; };
		6A4EA09924815AD5007FDCEF /* APIManager.swift in Sources */ = {isa = PBXBuildFile; fileRef = 6A4EA09824815AD5007FDCEF /* APIManager.swift */; };
		6A4EA09B2481985A007FDCEF /* LunchViewModel.swift in Sources */ = {isa = PBXBuildFile; fileRef = 6A4EA09A2481985A007FDCEF /* LunchViewModel.swift */; };
		6A4EA09D24819887007FDCEF /* RestaurentModel.swift in Sources */ = {isa = PBXBuildFile; fileRef = 6A4EA09C24819887007FDCEF /* RestaurentModel.swift */; };
		6A4EA09F24824EFB007FDCEF /* Contact.swift in Sources */ = {isa = PBXBuildFile; fileRef = 6A4EA09E24824EFB007FDCEF /* Contact.swift */; };
		6A4EA0A124824F05007FDCEF /* Location.swift in Sources */ = {isa = PBXBuildFile; fileRef = 6A4EA0A024824F05007FDCEF /* Location.swift */; };
		6A507B162484154300D5AF29 /* RestaurantDetailTableViewCell.swift in Sources */ = {isa = PBXBuildFile; fileRef = 6A507B152484154300D5AF29 /* RestaurantDetailTableViewCell.swift */; };
		6A507B1824841E7E00D5AF29 /* RestaurantInfoTableViewCell.swift in Sources */ = {isa = PBXBuildFile; fileRef = 6A507B1724841E7E00D5AF29 /* RestaurantInfoTableViewCell.swift */; };
		6A507B1A248424AE00D5AF29 /* MapRegionGenerator.swift in Sources */ = {isa = PBXBuildFile; fileRef = 6A507B19248424AE00D5AF29 /* MapRegionGenerator.swift */; };
		6A507B1C2484253000D5AF29 /* Place.swift in Sources */ = {isa = PBXBuildFile; fileRef = 6A507B1B2484253000D5AF29 /* Place.swift */; };
		6A507B1E24842CBF00D5AF29 /* MapViewController.swift in Sources */ = {isa = PBXBuildFile; fileRef = 6A507B1D24842CBF00D5AF29 /* MapViewController.swift */; };
		6A507B2324843EF800D5AF29 /* RestaurantDetailResponseMock.json in Resources */ = {isa = PBXBuildFile; fileRef = 6A507B2224843EF800D5AF29 /* RestaurantDetailResponseMock.json */; };
		6A507B252484401900D5AF29 /* LunchViewModelTests.swift in Sources */ = {isa = PBXBuildFile; fileRef = 6A507B242484401900D5AF29 /* LunchViewModelTests.swift */; };
		6A507B28248442E500D5AF29 /* XCTestCase+Extension.swift in Sources */ = {isa = PBXBuildFile; fileRef = 6A507B27248442E500D5AF29 /* XCTestCase+Extension.swift */; };
		6AFD77182482C27900A510FC /* TabBarViewController.swift in Sources */ = {isa = PBXBuildFile; fileRef = 6AFD77172482C27900A510FC /* TabBarViewController.swift */; };
		6AFD771C2482F10D00A510FC /* SceneDelegate.swift in Sources */ = {isa = PBXBuildFile; fileRef = 6AFD771B2482F10D00A510FC /* SceneDelegate.swift */; };
		6AFD77202482FE3A00A510FC /* RestaurantCollectionViewCell.swift in Sources */ = {isa = PBXBuildFile; fileRef = 6AFD771F2482FE3A00A510FC /* RestaurantCollectionViewCell.swift */; };
/* End PBXBuildFile section */

/* Begin PBXContainerItemProxy section */
		6A4EA07F24803563007FDCEF /* PBXContainerItemProxy */ = {
			isa = PBXContainerItemProxy;
			containerPortal = 6A4EA05E24803561007FDCEF /* Project object */;
			proxyType = 1;
			remoteGlobalIDString = 6A4EA06524803561007FDCEF;
			remoteInfo = "Bottle Rocket";
		};
/* End PBXContainerItemProxy section */

/* Begin PBXFileReference section */
		6A08E9532483948200C6E01D /* RestaurantDetailViewController.swift */ = {isa = PBXFileReference; lastKnownFileType = sourcecode.swift; path = RestaurantDetailViewController.swift; sourceTree = "<group>"; };
		6A08E9552483CC9F00C6E01D /* CustomCollectionViewFlowLayout.swift */ = {isa = PBXFileReference; lastKnownFileType = sourcecode.swift; path = CustomCollectionViewFlowLayout.swift; sourceTree = "<group>"; };
		6A08E9572483CD8000C6E01D /* CollectionDisplay.swift */ = {isa = PBXFileReference; lastKnownFileType = sourcecode.swift; path = CollectionDisplay.swift; sourceTree = "<group>"; };
		6A08E9592483DDDA00C6E01D /* ActivityIndicatorOverlay.swift */ = {isa = PBXFileReference; lastKnownFileType = sourcecode.swift; path = ActivityIndicatorOverlay.swift; sourceTree = "<group>"; };
		6A08E9652483EADF00C6E01D /* ImageCache.swift */ = {isa = PBXFileReference; fileEncoding = 4; lastKnownFileType = sourcecode.swift; path = ImageCache.swift; sourceTree = "<group>"; };
		6A08E9672483F9EF00C6E01D /* UImageView+Extension.swift */ = {isa = PBXFileReference; lastKnownFileType = sourcecode.swift; path = "UImageView+Extension.swift"; sourceTree = "<group>"; };
		6A08E969248401BE00C6E01D /* UIColor+Extension.swift */ = {isa = PBXFileReference; lastKnownFileType = sourcecode.swift; path = "UIColor+Extension.swift"; sourceTree = "<group>"; };
		6A4EA06624803561007FDCEF /* Bottle Rocket.app */ = {isa = PBXFileReference; explicitFileType = wrapper.application; includeInIndex = 0; path = "Bottle Rocket.app"; sourceTree = BUILT_PRODUCTS_DIR; };
		6A4EA06924803561007FDCEF /* AppDelegate.swift */ = {isa = PBXFileReference; lastKnownFileType = sourcecode.swift; path = AppDelegate.swift; sourceTree = "<group>"; };
		6A4EA06D24803561007FDCEF /* LunchViewController.swift */ = {isa = PBXFileReference; lastKnownFileType = sourcecode.swift; path = LunchViewController.swift; sourceTree = "<group>"; };
		6A4EA06F24803561007FDCEF /* InternetViewController.swift */ = {isa = PBXFileReference; lastKnownFileType = sourcecode.swift; path = InternetViewController.swift; sourceTree = "<group>"; };
		6A4EA07224803561007FDCEF /* Base */ = {isa = PBXFileReference; lastKnownFileType = file.storyboard; name = Base; path = Base.lproj/Main.storyboard; sourceTree = "<group>"; };
		6A4EA07424803563007FDCEF /* Assets.xcassets */ = {isa = PBXFileReference; lastKnownFileType = folder.assetcatalog; path = Assets.xcassets; sourceTree = "<group>"; };
		6A4EA07724803563007FDCEF /* Base */ = {isa = PBXFileReference; lastKnownFileType = file.storyboard; name = Base; path = Base.lproj/LaunchScreen.storyboard; sourceTree = "<group>"; };
		6A4EA07924803563007FDCEF /* Info.plist */ = {isa = PBXFileReference; lastKnownFileType = text.plist.xml; path = Info.plist; sourceTree = "<group>"; };
		6A4EA07E24803563007FDCEF /* Bottle RocketTests.xctest */ = {isa = PBXFileReference; explicitFileType = wrapper.cfbundle; includeInIndex = 0; path = "Bottle RocketTests.xctest"; sourceTree = BUILT_PRODUCTS_DIR; };
		6A4EA08424803563007FDCEF /* Info.plist */ = {isa = PBXFileReference; lastKnownFileType = text.plist.xml; path = Info.plist; sourceTree = "<group>"; };
		6A4EA09624815A2E007FDCEF /* Constants.swift */ = {isa = PBXFileReference; lastKnownFileType = sourcecode.swift; path = Constants.swift; sourceTree = "<group>"; };
		6A4EA09824815AD5007FDCEF /* APIManager.swift */ = {isa = PBXFileReference; fileEncoding = 4; lastKnownFileType = sourcecode.swift; path = APIManager.swift; sourceTree = "<group>"; };
		6A4EA09A2481985A007FDCEF /* LunchViewModel.swift */ = {isa = PBXFileReference; lastKnownFileType = sourcecode.swift; path = LunchViewModel.swift; sourceTree = "<group>"; };
		6A4EA09C24819887007FDCEF /* RestaurentModel.swift */ = {isa = PBXFileReference; lastKnownFileType = sourcecode.swift; path = RestaurentModel.swift; sourceTree = "<group>"; };
		6A4EA09E24824EFB007FDCEF /* Contact.swift */ = {isa = PBXFileReference; lastKnownFileType = sourcecode.swift; path = Contact.swift; sourceTree = "<group>"; };
		6A4EA0A024824F05007FDCEF /* Location.swift */ = {isa = PBXFileReference; lastKnownFileType = sourcecode.swift; path = Location.swift; sourceTree = "<group>"; };
		6A507B152484154300D5AF29 /* RestaurantDetailTableViewCell.swift */ = {isa = PBXFileReference; lastKnownFileType = sourcecode.swift; path = RestaurantDetailTableViewCell.swift; sourceTree = "<group>"; };
		6A507B1724841E7E00D5AF29 /* RestaurantInfoTableViewCell.swift */ = {isa = PBXFileReference; lastKnownFileType = sourcecode.swift; path = RestaurantInfoTableViewCell.swift; sourceTree = "<group>"; };
		6A507B19248424AE00D5AF29 /* MapRegionGenerator.swift */ = {isa = PBXFileReference; lastKnownFileType = sourcecode.swift; path = MapRegionGenerator.swift; sourceTree = "<group>"; };
		6A507B1B2484253000D5AF29 /* Place.swift */ = {isa = PBXFileReference; lastKnownFileType = sourcecode.swift; path = Place.swift; sourceTree = "<group>"; };
		6A507B1D24842CBF00D5AF29 /* MapViewController.swift */ = {isa = PBXFileReference; lastKnownFileType = sourcecode.swift; path = MapViewController.swift; sourceTree = "<group>"; };
		6A507B2224843EF800D5AF29 /* RestaurantDetailResponseMock.json */ = {isa = PBXFileReference; lastKnownFileType = text.json; path = RestaurantDetailResponseMock.json; sourceTree = "<group>"; };
		6A507B242484401900D5AF29 /* LunchViewModelTests.swift */ = {isa = PBXFileReference; lastKnownFileType = sourcecode.swift; path = LunchViewModelTests.swift; sourceTree = "<group>"; };
		6A507B27248442E500D5AF29 /* XCTestCase+Extension.swift */ = {isa = PBXFileReference; lastKnownFileType = sourcecode.swift; path = "XCTestCase+Extension.swift"; sourceTree = "<group>"; };
		6AFD77172482C27900A510FC /* TabBarViewController.swift */ = {isa = PBXFileReference; lastKnownFileType = sourcecode.swift; path = TabBarViewController.swift; sourceTree = "<group>"; };
		6AFD771B2482F10D00A510FC /* SceneDelegate.swift */ = {isa = PBXFileReference; fileEncoding = 4; lastKnownFileType = sourcecode.swift; path = SceneDelegate.swift; sourceTree = "<group>"; };
		6AFD771F2482FE3A00A510FC /* RestaurantCollectionViewCell.swift */ = {isa = PBXFileReference; lastKnownFileType = sourcecode.swift; path = RestaurantCollectionViewCell.swift; sourceTree = "<group>"; };
/* End PBXFileReference section */

/* Begin PBXFrameworksBuildPhase section */
		6A4EA06324803561007FDCEF /* Frameworks */ = {
			isa = PBXFrameworksBuildPhase;
			buildActionMask = 2147483647;
			files = (
			);
			runOnlyForDeploymentPostprocessing = 0;
		};
		6A4EA07B24803563007FDCEF /* Frameworks */ = {
			isa = PBXFrameworksBuildPhase;
			buildActionMask = 2147483647;
			files = (
			);
			runOnlyForDeploymentPostprocessing = 0;
		};
/* End PBXFrameworksBuildPhase section */

/* Begin PBXGroup section */
		6A4EA05D24803561007FDCEF = {
			isa = PBXGroup;
			children = (
				6A4EA06824803561007FDCEF /* Bottle Rocket */,
				6A4EA08124803563007FDCEF /* Bottle RocketTests */,
				6A4EA06724803561007FDCEF /* Products */,
			);
			sourceTree = "<group>";
		};
		6A4EA06724803561007FDCEF /* Products */ = {
			isa = PBXGroup;
			children = (
				6A4EA06624803561007FDCEF /* Bottle Rocket.app */,
				6A4EA07E24803563007FDCEF /* Bottle RocketTests.xctest */,
			);
			name = Products;
			sourceTree = "<group>";
		};
		6A4EA06824803561007FDCEF /* Bottle Rocket */ = {
			isa = PBXGroup;
			children = (
				6A4EA06924803561007FDCEF /* AppDelegate.swift */,
				6AFD771B2482F10D00A510FC /* SceneDelegate.swift */,
				6A4EA08D24803C5F007FDCEF /* Views */,
				6A4EA09124803C70007FDCEF /* ViewModel */,
				6A4EA09024803C6E007FDCEF /* Models */,
				6A4EA08F24803C6B007FDCEF /* Services */,
				6A4EA08E24803C67007FDCEF /* Extension */,
				6A4EA09524815A17007FDCEF /* Helper */,
				6A4EA07424803563007FDCEF /* Assets.xcassets */,
				6A4EA07924803563007FDCEF /* Info.plist */,
			);
			path = "Bottle Rocket";
			sourceTree = "<group>";
		};
		6A4EA08124803563007FDCEF /* Bottle RocketTests */ = {
			isa = PBXGroup;
			children = (
				6A507B242484401900D5AF29 /* LunchViewModelTests.swift */,
				6A507B26248442BE00D5AF29 /* Extension */,
				6A507B1F24843DE700D5AF29 /* Mocks */,
				6A4EA08424803563007FDCEF /* Info.plist */,
			);
			path = "Bottle RocketTests";
			sourceTree = "<group>";
		};
		6A4EA08D24803C5F007FDCEF /* Views */ = {
			isa = PBXGroup;
			children = (
				6A4EA09224803C9A007FDCEF /* Classes */,
				6A4EA09424803CB4007FDCEF /* Interfaces */,
			);
			path = Views;
			sourceTree = "<group>";
		};
		6A4EA08E24803C67007FDCEF /* Extension */ = {
			isa = PBXGroup;
			children = (
				6A08E9672483F9EF00C6E01D /* UImageView+Extension.swift */,
				6A08E969248401BE00C6E01D /* UIColor+Extension.swift */,
			);
			path = Extension;
			sourceTree = "<group>";
		};
		6A4EA08F24803C6B007FDCEF /* Services */ = {
			isa = PBXGroup;
			children = (
				6A4EA09824815AD5007FDCEF /* APIManager.swift */,
			);
			path = Services;
			sourceTree = "<group>";
		};
		6A4EA09024803C6E007FDCEF /* Models */ = {
			isa = PBXGroup;
			children = (
				6A4EA09C24819887007FDCEF /* RestaurentModel.swift */,
				6A4EA09E24824EFB007FDCEF /* Contact.swift */,
				6A4EA0A024824F05007FDCEF /* Location.swift */,
				6A507B1B2484253000D5AF29 /* Place.swift */,
			);
			path = Models;
			sourceTree = "<group>";
		};
		6A4EA09124803C70007FDCEF /* ViewModel */ = {
			isa = PBXGroup;
			children = (
				6A4EA09A2481985A007FDCEF /* LunchViewModel.swift */,
			);
			path = ViewModel;
			sourceTree = "<group>";
		};
		6A4EA09224803C9A007FDCEF /* Classes */ = {
			isa = PBXGroup;
			children = (
				6AFD77172482C27900A510FC /* TabBarViewController.swift */,
				6A4EA06D24803561007FDCEF /* LunchViewController.swift */,
				6A4EA06F24803561007FDCEF /* InternetViewController.swift */,
				6A08E9532483948200C6E01D /* RestaurantDetailViewController.swift */,
				6A507B1D24842CBF00D5AF29 /* MapViewController.swift */,
				6A4EA09324803CA1007FDCEF /* Cells */,
			);
			path = Classes;
			sourceTree = "<group>";
		};
		6A4EA09324803CA1007FDCEF /* Cells */ = {
			isa = PBXGroup;
			children = (
				6AFD771F2482FE3A00A510FC /* RestaurantCollectionViewCell.swift */,
				6A507B152484154300D5AF29 /* RestaurantDetailTableViewCell.swift */,
				6A507B1724841E7E00D5AF29 /* RestaurantInfoTableViewCell.swift */,
			);
			path = Cells;
			sourceTree = "<group>";
		};
		6A4EA09424803CB4007FDCEF /* Interfaces */ = {
			isa = PBXGroup;
			children = (
				6A4EA07124803561007FDCEF /* Main.storyboard */,
				6A4EA07624803563007FDCEF /* LaunchScreen.storyboard */,
			);
			path = Interfaces;
			sourceTree = "<group>";
		};
		6A4EA09524815A17007FDCEF /* Helper */ = {
			isa = PBXGroup;
			children = (
				6A4EA09624815A2E007FDCEF /* Constants.swift */,
				6A08E9552483CC9F00C6E01D /* CustomCollectionViewFlowLayout.swift */,
				6A08E9572483CD8000C6E01D /* CollectionDisplay.swift */,
				6A08E9592483DDDA00C6E01D /* ActivityIndicatorOverlay.swift */,
				6A08E9652483EADF00C6E01D /* ImageCache.swift */,
				6A507B19248424AE00D5AF29 /* MapRegionGenerator.swift */,
			);
			path = Helper;
			sourceTree = "<group>";
		};
		6A507B1F24843DE700D5AF29 /* Mocks */ = {
			isa = PBXGroup;
			children = (
				6A507B2224843EF800D5AF29 /* RestaurantDetailResponseMock.json */,
			);
			path = Mocks;
			sourceTree = "<group>";
		};
		6A507B26248442BE00D5AF29 /* Extension */ = {
			isa = PBXGroup;
			children = (
				6A507B27248442E500D5AF29 /* XCTestCase+Extension.swift */,
			);
			path = Extension;
			sourceTree = "<group>";
		};
/* End PBXGroup section */

/* Begin PBXNativeTarget section */
		6A4EA06524803561007FDCEF /* Bottle Rocket */ = {
			isa = PBXNativeTarget;
			buildConfigurationList = 6A4EA08724803563007FDCEF /* Build configuration list for PBXNativeTarget "Bottle Rocket" */;
			buildPhases = (
				6A4EA06224803561007FDCEF /* Sources */,
				6A4EA06324803561007FDCEF /* Frameworks */,
				6A4EA06424803561007FDCEF /* Resources */,
			);
			buildRules = (
			);
			dependencies = (
			);
			name = "Bottle Rocket";
			productName = "Bottle Rocket";
			productReference = 6A4EA06624803561007FDCEF /* Bottle Rocket.app */;
			productType = "com.apple.product-type.application";
		};
		6A4EA07D24803563007FDCEF /* Bottle RocketTests */ = {
			isa = PBXNativeTarget;
			buildConfigurationList = 6A4EA08A24803563007FDCEF /* Build configuration list for PBXNativeTarget "Bottle RocketTests" */;
			buildPhases = (
				6A4EA07A24803563007FDCEF /* Sources */,
				6A4EA07B24803563007FDCEF /* Frameworks */,
				6A4EA07C24803563007FDCEF /* Resources */,
			);
			buildRules = (
			);
			dependencies = (
				6A4EA08024803563007FDCEF /* PBXTargetDependency */,
			);
			name = "Bottle RocketTests";
			productName = "Bottle RocketTests";
			productReference = 6A4EA07E24803563007FDCEF /* Bottle RocketTests.xctest */;
			productType = "com.apple.product-type.bundle.unit-test";
		};
/* End PBXNativeTarget section */

/* Begin PBXProject section */
		6A4EA05E24803561007FDCEF /* Project object */ = {
			isa = PBXProject;
			attributes = {
				LastSwiftUpdateCheck = 1140;
				LastUpgradeCheck = 1140;
				ORGANIZATIONNAME = "Subhankar Ghosh";
				TargetAttributes = {
					6A4EA06524803561007FDCEF = {
						CreatedOnToolsVersion = 11.4.1;
					};
					6A4EA07D24803563007FDCEF = {
						CreatedOnToolsVersion = 11.4.1;
						TestTargetID = 6A4EA06524803561007FDCEF;
					};
				};
			};
			buildConfigurationList = 6A4EA06124803561007FDCEF /* Build configuration list for PBXProject "Bottle Rocket" */;
			compatibilityVersion = "Xcode 9.3";
			developmentRegion = en;
			hasScannedForEncodings = 0;
			knownRegions = (
				en,
				Base,
			);
			mainGroup = 6A4EA05D24803561007FDCEF;
			productRefGroup = 6A4EA06724803561007FDCEF /* Products */;
			projectDirPath = "";
			projectRoot = "";
			targets = (
				6A4EA06524803561007FDCEF /* Bottle Rocket */,
				6A4EA07D24803563007FDCEF /* Bottle RocketTests */,
			);
		};
/* End PBXProject section */

/* Begin PBXResourcesBuildPhase section */
		6A4EA06424803561007FDCEF /* Resources */ = {
			isa = PBXResourcesBuildPhase;
			buildActionMask = 2147483647;
			files = (
				6A4EA07824803563007FDCEF /* LaunchScreen.storyboard in Resources */,
				6A4EA07524803563007FDCEF /* Assets.xcassets in Resources */,
				6A4EA07324803561007FDCEF /* Main.storyboard in Resources */,
			);
			runOnlyForDeploymentPostprocessing = 0;
		};
		6A4EA07C24803563007FDCEF /* Resources */ = {
			isa = PBXResourcesBuildPhase;
			buildActionMask = 2147483647;
			files = (
				6A507B2324843EF800D5AF29 /* RestaurantDetailResponseMock.json in Resources */,
			);
			runOnlyForDeploymentPostprocessing = 0;
		};
/* End PBXResourcesBuildPhase section */

/* Begin PBXSourcesBuildPhase section */
		6A4EA06224803561007FDCEF /* Sources */ = {
			isa = PBXSourcesBuildPhase;
			buildActionMask = 2147483647;
			files = (
				6A507B1C2484253000D5AF29 /* Place.swift in Sources */,
				6A507B162484154300D5AF29 /* RestaurantDetailTableViewCell.swift in Sources */,
				6AFD77202482FE3A00A510FC /* RestaurantCollectionViewCell.swift in Sources */,
				6A08E96A248401BE00C6E01D /* UIColor+Extension.swift in Sources */,
				6A4EA09F24824EFB007FDCEF /* Contact.swift in Sources */,
				6A08E9662483EADF00C6E01D /* ImageCache.swift in Sources */,
				6A4EA09924815AD5007FDCEF /* APIManager.swift in Sources */,
				6A507B1E24842CBF00D5AF29 /* MapViewController.swift in Sources */,
				6A4EA0A124824F05007FDCEF /* Location.swift in Sources */,
				6A4EA09B2481985A007FDCEF /* LunchViewModel.swift in Sources */,
				6A08E95A2483DDDA00C6E01D /* ActivityIndicatorOverlay.swift in Sources */,
				6A08E9542483948200C6E01D /* RestaurantDetailViewController.swift in Sources */,
				6A4EA09724815A2E007FDCEF /* Constants.swift in Sources */,
				6A08E9582483CD8000C6E01D /* CollectionDisplay.swift in Sources */,
				6A4EA07024803561007FDCEF /* InternetViewController.swift in Sources */,
				6A507B1824841E7E00D5AF29 /* RestaurantInfoTableViewCell.swift in Sources */,
				6AFD771C2482F10D00A510FC /* SceneDelegate.swift in Sources */,
				6A08E9562483CC9F00C6E01D /* CustomCollectionViewFlowLayout.swift in Sources */,
				6A4EA06E24803561007FDCEF /* LunchViewController.swift in Sources */,
				6A08E9682483F9EF00C6E01D /* UImageView+Extension.swift in Sources */,
				6A507B1A248424AE00D5AF29 /* MapRegionGenerator.swift in Sources */,
				6A4EA06A24803561007FDCEF /* AppDelegate.swift in Sources */,
				6AFD77182482C27900A510FC /* TabBarViewController.swift in Sources */,
				6A4EA09D24819887007FDCEF /* RestaurentModel.swift in Sources */,
			);
			runOnlyForDeploymentPostprocessing = 0;
		};
		6A4EA07A24803563007FDCEF /* Sources */ = {
			isa = PBXSourcesBuildPhase;
			buildActionMask = 2147483647;
			files = (
				6A507B28248442E500D5AF29 /* XCTestCase+Extension.swift in Sources */,
				6A507B252484401900D5AF29 /* LunchViewModelTests.swift in Sources */,
			);
			runOnlyForDeploymentPostprocessing = 0;
		};
/* End PBXSourcesBuildPhase section */

/* Begin PBXTargetDependency section */
		6A4EA08024803563007FDCEF /* PBXTargetDependency */ = {
			isa = PBXTargetDependency;
			target = 6A4EA06524803561007FDCEF /* Bottle Rocket */;
			targetProxy = 6A4EA07F24803563007FDCEF /* PBXContainerItemProxy */;
		};
/* End PBXTargetDependency section */

/* Begin PBXVariantGroup section */
		6A4EA07124803561007FDCEF /* Main.storyboard */ = {
			isa = PBXVariantGroup;
			children = (
				6A4EA07224803561007FDCEF /* Base */,
			);
			name = Main.storyboard;
			sourceTree = "<group>";
		};
		6A4EA07624803563007FDCEF /* LaunchScreen.storyboard */ = {
			isa = PBXVariantGroup;
			children = (
				6A4EA07724803563007FDCEF /* Base */,
			);
			name = LaunchScreen.storyboard;
			sourceTree = "<group>";
		};
/* End PBXVariantGroup section */

/* Begin XCBuildConfiguration section */
		6A4EA08524803563007FDCEF /* Debug */ = {
			isa = XCBuildConfiguration;
			buildSettings = {
				ALWAYS_SEARCH_USER_PATHS = NO;
				CLANG_ANALYZER_NONNULL = YES;
				CLANG_ANALYZER_NUMBER_OBJECT_CONVERSION = YES_AGGRESSIVE;
				CLANG_CXX_LANGUAGE_STANDARD = "gnu++14";
				CLANG_CXX_LIBRARY = "libc++";
				CLANG_ENABLE_MODULES = YES;
				CLANG_ENABLE_OBJC_ARC = YES;
				CLANG_ENABLE_OBJC_WEAK = YES;
				CLANG_WARN_BLOCK_CAPTURE_AUTORELEASING = YES;
				CLANG_WARN_BOOL_CONVERSION = YES;
				CLANG_WARN_COMMA = YES;
				CLANG_WARN_CONSTANT_CONVERSION = YES;
				CLANG_WARN_DEPRECATED_OBJC_IMPLEMENTATIONS = YES;
				CLANG_WARN_DIRECT_OBJC_ISA_USAGE = YES_ERROR;
				CLANG_WARN_DOCUMENTATION_COMMENTS = YES;
				CLANG_WARN_EMPTY_BODY = YES;
				CLANG_WARN_ENUM_CONVERSION = YES;
				CLANG_WARN_INFINITE_RECURSION = YES;
				CLANG_WARN_INT_CONVERSION = YES;
				CLANG_WARN_NON_LITERAL_NULL_CONVERSION = YES;
				CLANG_WARN_OBJC_IMPLICIT_RETAIN_SELF = YES;
				CLANG_WARN_OBJC_LITERAL_CONVERSION = YES;
				CLANG_WARN_OBJC_ROOT_CLASS = YES_ERROR;
				CLANG_WARN_RANGE_LOOP_ANALYSIS = YES;
				CLANG_WARN_STRICT_PROTOTYPES = YES;
				CLANG_WARN_SUSPICIOUS_MOVE = YES;
				CLANG_WARN_UNGUARDED_AVAILABILITY = YES_AGGRESSIVE;
				CLANG_WARN_UNREACHABLE_CODE = YES;
				CLANG_WARN__DUPLICATE_METHOD_MATCH = YES;
				COPY_PHASE_STRIP = NO;
				DEBUG_INFORMATION_FORMAT = dwarf;
				ENABLE_STRICT_OBJC_MSGSEND = YES;
				ENABLE_TESTABILITY = YES;
				GCC_C_LANGUAGE_STANDARD = gnu11;
				GCC_DYNAMIC_NO_PIC = NO;
				GCC_NO_COMMON_BLOCKS = YES;
				GCC_OPTIMIZATION_LEVEL = 0;
				GCC_PREPROCESSOR_DEFINITIONS = (
					"DEBUG=1",
					"$(inherited)",
				);
				GCC_WARN_64_TO_32_BIT_CONVERSION = YES;
				GCC_WARN_ABOUT_RETURN_TYPE = YES_ERROR;
				GCC_WARN_UNDECLARED_SELECTOR = YES;
				GCC_WARN_UNINITIALIZED_AUTOS = YES_AGGRESSIVE;
				GCC_WARN_UNUSED_FUNCTION = YES;
				GCC_WARN_UNUSED_VARIABLE = YES;
				IPHONEOS_DEPLOYMENT_TARGET = 13.0;
				MTL_ENABLE_DEBUG_INFO = INCLUDE_SOURCE;
				MTL_FAST_MATH = YES;
				ONLY_ACTIVE_ARCH = YES;
				SDKROOT = iphoneos;
				SWIFT_ACTIVE_COMPILATION_CONDITIONS = DEBUG;
				SWIFT_OPTIMIZATION_LEVEL = "-Onone";
			};
			name = Debug;
		};
		6A4EA08624803563007FDCEF /* Release */ = {
			isa = XCBuildConfiguration;
			buildSettings = {
				ALWAYS_SEARCH_USER_PATHS = NO;
				CLANG_ANALYZER_NONNULL = YES;
				CLANG_ANALYZER_NUMBER_OBJECT_CONVERSION = YES_AGGRESSIVE;
				CLANG_CXX_LANGUAGE_STANDARD = "gnu++14";
				CLANG_CXX_LIBRARY = "libc++";
				CLANG_ENABLE_MODULES = YES;
				CLANG_ENABLE_OBJC_ARC = YES;
				CLANG_ENABLE_OBJC_WEAK = YES;
				CLANG_WARN_BLOCK_CAPTURE_AUTORELEASING = YES;
				CLANG_WARN_BOOL_CONVERSION = YES;
				CLANG_WARN_COMMA = YES;
				CLANG_WARN_CONSTANT_CONVERSION = YES;
				CLANG_WARN_DEPRECATED_OBJC_IMPLEMENTATIONS = YES;
				CLANG_WARN_DIRECT_OBJC_ISA_USAGE = YES_ERROR;
				CLANG_WARN_DOCUMENTATION_COMMENTS = YES;
				CLANG_WARN_EMPTY_BODY = YES;
				CLANG_WARN_ENUM_CONVERSION = YES;
				CLANG_WARN_INFINITE_RECURSION = YES;
				CLANG_WARN_INT_CONVERSION = YES;
				CLANG_WARN_NON_LITERAL_NULL_CONVERSION = YES;
				CLANG_WARN_OBJC_IMPLICIT_RETAIN_SELF = YES;
				CLANG_WARN_OBJC_LITERAL_CONVERSION = YES;
				CLANG_WARN_OBJC_ROOT_CLASS = YES_ERROR;
				CLANG_WARN_RANGE_LOOP_ANALYSIS = YES;
				CLANG_WARN_STRICT_PROTOTYPES = YES;
				CLANG_WARN_SUSPICIOUS_MOVE = YES;
				CLANG_WARN_UNGUARDED_AVAILABILITY = YES_AGGRESSIVE;
				CLANG_WARN_UNREACHABLE_CODE = YES;
				CLANG_WARN__DUPLICATE_METHOD_MATCH = YES;
				COPY_PHASE_STRIP = NO;
				DEBUG_INFORMATION_FORMAT = "dwarf-with-dsym";
				ENABLE_NS_ASSERTIONS = NO;
				ENABLE_STRICT_OBJC_MSGSEND = YES;
				GCC_C_LANGUAGE_STANDARD = gnu11;
				GCC_NO_COMMON_BLOCKS = YES;
				GCC_WARN_64_TO_32_BIT_CONVERSION = YES;
				GCC_WARN_ABOUT_RETURN_TYPE = YES_ERROR;
				GCC_WARN_UNDECLARED_SELECTOR = YES;
				GCC_WARN_UNINITIALIZED_AUTOS = YES_AGGRESSIVE;
				GCC_WARN_UNUSED_FUNCTION = YES;
				GCC_WARN_UNUSED_VARIABLE = YES;
				IPHONEOS_DEPLOYMENT_TARGET = 13.0;
				MTL_ENABLE_DEBUG_INFO = NO;
				MTL_FAST_MATH = YES;
				SDKROOT = iphoneos;
				SWIFT_COMPILATION_MODE = wholemodule;
				SWIFT_OPTIMIZATION_LEVEL = "-O";
				VALIDATE_PRODUCT = YES;
			};
			name = Release;
		};
		6A4EA08824803563007FDCEF /* Debug */ = {
			isa = XCBuildConfiguration;
			buildSettings = {
				ASSETCATALOG_COMPILER_APPICON_NAME = AppIcon;
				CODE_SIGN_STYLE = Automatic;
				INFOPLIST_FILE = "Bottle Rocket/Info.plist";
				LD_RUNPATH_SEARCH_PATHS = (
					"$(inherited)",
					"@executable_path/Frameworks",
				);
				PRODUCT_BUNDLE_IDENTIFIER = "com.home.Bottle-Rocket";
				PRODUCT_NAME = "$(TARGET_NAME)";
				SWIFT_VERSION = 5.0;
				TARGETED_DEVICE_FAMILY = "1,2";
			};
			name = Debug;
		};
		6A4EA08924803563007FDCEF /* Release */ = {
			isa = XCBuildConfiguration;
			buildSettings = {
				ASSETCATALOG_COMPILER_APPICON_NAME = AppIcon;
				CODE_SIGN_STYLE = Automatic;
				INFOPLIST_FILE = "Bottle Rocket/Info.plist";
				LD_RUNPATH_SEARCH_PATHS = (
					"$(inherited)",
					"@executable_path/Frameworks",
				);
				PRODUCT_BUNDLE_IDENTIFIER = "com.home.Bottle-Rocket";
				PRODUCT_NAME = "$(TARGET_NAME)";
				SWIFT_VERSION = 5.0;
				TARGETED_DEVICE_FAMILY = "1,2";
			};
			name = Release;
		};
		6A4EA08B24803563007FDCEF /* Debug */ = {
			isa = XCBuildConfiguration;
			buildSettings = {
				ALWAYS_EMBED_SWIFT_STANDARD_LIBRARIES = YES;
				BUNDLE_LOADER = "$(TEST_HOST)";
				CODE_SIGN_STYLE = Automatic;
				INFOPLIST_FILE = "Bottle RocketTests/Info.plist";
				IPHONEOS_DEPLOYMENT_TARGET = 13.4;
				LD_RUNPATH_SEARCH_PATHS = (
					"$(inherited)",
					"@executable_path/Frameworks",
					"@loader_path/Frameworks",
				);
				PRODUCT_BUNDLE_IDENTIFIER = "com.home.Bottle-RocketTests";
				PRODUCT_NAME = "$(TARGET_NAME)";
				SWIFT_VERSION = 5.0;
				TARGETED_DEVICE_FAMILY = "1,2";
				TEST_HOST = "$(BUILT_PRODUCTS_DIR)/Bottle Rocket.app/Bottle Rocket";
			};
			name = Debug;
		};
		6A4EA08C24803563007FDCEF /* Release */ = {
			isa = XCBuildConfiguration;
			buildSettings = {
				ALWAYS_EMBED_SWIFT_STANDARD_LIBRARIES = YES;
				BUNDLE_LOADER = "$(TEST_HOST)";
				CODE_SIGN_STYLE = Automatic;
				INFOPLIST_FILE = "Bottle RocketTests/Info.plist";
				IPHONEOS_DEPLOYMENT_TARGET = 13.4;
				LD_RUNPATH_SEARCH_PATHS = (
					"$(inherited)",
					"@executable_path/Frameworks",
					"@loader_path/Frameworks",
				);
				PRODUCT_BUNDLE_IDENTIFIER = "com.home.Bottle-RocketTests";
				PRODUCT_NAME = "$(TARGET_NAME)";
				SWIFT_VERSION = 5.0;
				TARGETED_DEVICE_FAMILY = "1,2";
				TEST_HOST = "$(BUILT_PRODUCTS_DIR)/Bottle Rocket.app/Bottle Rocket";
			};
			name = Release;
		};
/* End XCBuildConfiguration section */

/* Begin XCConfigurationList section */
		6A4EA06124803561007FDCEF /* Build configuration list for PBXProject "Bottle Rocket" */ = {
			isa = XCConfigurationList;
			buildConfigurations = (
				6A4EA08524803563007FDCEF /* Debug */,
				6A4EA08624803563007FDCEF /* Release */,
			);
			defaultConfigurationIsVisible = 0;
			defaultConfigurationName = Release;
		};
		6A4EA08724803563007FDCEF /* Build configuration list for PBXNativeTarget "Bottle Rocket" */ = {
			isa = XCConfigurationList;
			buildConfigurations = (
				6A4EA08824803563007FDCEF /* Debug */,
				6A4EA08924803563007FDCEF /* Release */,
			);
			defaultConfigurationIsVisible = 0;
			defaultConfigurationName = Release;
		};
		6A4EA08A24803563007FDCEF /* Build configuration list for PBXNativeTarget "Bottle RocketTests" */ = {
			isa = XCConfigurationList;
			buildConfigurations = (
				6A4EA08B24803563007FDCEF /* Debug */,
				6A4EA08C24803563007FDCEF /* Release */,
			);
			defaultConfigurationIsVisible = 0;
			defaultConfigurationName = Release;
		};
/* End XCConfigurationList section */
	};
	rootObject = 6A4EA05E24803561007FDCEF /* Project object */;
}
